
Microsoft Visual Studio Solution File, Format Version 12.00
# Visual Studio 2012
Project("{FAE04EC0-301F-11D3-BF4B-00C04F79EFBC}") = "IconControl", "IconControl\IconControl.csproj", "{F23CC81F-42C6-4DF4-878F-57D77B35F655}"
EndProject
Project("{2150E333-8FDC-42A3-9474-1A3956D46DE8}") = ".nuget", ".nuget", "{5282AF07-B855-42D3-8076-9048B2A840FE}"
	ProjectSection(SolutionItems) = preProject
		.nuget\NuGet.Config = .nuget\NuGet.Config
		.nuget\NuGet.exe = .nuget\NuGet.exe
		.nuget\NuGet.targets = .nuget\NuGet.targets
	EndProjectSection
EndProject
Project("{FAE04EC0-301F-11D3-BF4B-00C04F79EFBC}") = "Claroline.WP", "Claroline.WP\Claroline.WP.csproj", "{BA1C19F3-38ED-4B7F-88FA-2AF3FC738E3F}"
EndProject
Project("{FAE04EC0-301F-11D3-BF4B-00C04F79EFBC}") = "Claroline.RT.old", "Claroline.RT.old\Claroline.RT.old.csproj", "{F3E83EBD-2961-459D-AF6E-7D99F89E2BFA}"
EndProject
Project("{FAE04EC0-301F-11D3-BF4B-00C04F79EFBC}") = "Claroline.RT", "Claroline.RT\Claroline.RT.csproj", "{E553278B-B9CF-4B02-9A6C-654B1670FCF6}"
EndProject
Global
	GlobalSection(SolutionConfigurationPlatforms) = preSolution
		Debug|Any CPU = Debug|Any CPU
		Debug|ARM = Debug|ARM
		Debug|x64 = Debug|x64
		Debug|x86 = Debug|x86
		Release|Any CPU = Release|Any CPU
		Release|ARM = Release|ARM
		Release|x64 = Release|x64
		Release|x86 = Release|x86
	EndGlobalSection
	GlobalSection(ProjectConfigurationPlatforms) = postSolution
		{F23CC81F-42C6-4DF4-878F-57D77B35F655}.Debug|Any CPU.ActiveCfg = Debug|Any CPU
		{F23CC81F-42C6-4DF4-878F-57D77B35F655}.Debug|Any CPU.Build.0 = Debug|Any CPU
		{F23CC81F-42C6-4DF4-878F-57D77B35F655}.Debug|ARM.ActiveCfg = Debug|Any CPU
		{F23CC81F-42C6-4DF4-878F-57D77B35F655}.Debug|x64.ActiveCfg = Debug|Any CPU
		{F23CC81F-42C6-4DF4-878F-57D77B35F655}.Debug|x86.ActiveCfg = Debug|Any CPU
		{F23CC81F-42C6-4DF4-878F-57D77B35F655}.Release|Any CPU.ActiveCfg = Release|Any CPU
		{F23CC81F-42C6-4DF4-878F-57D77B35F655}.Release|Any CPU.Build.0 = Release|Any CPU
		{F23CC81F-42C6-4DF4-878F-57D77B35F655}.Release|ARM.ActiveCfg = Release|Any CPU
		{F23CC81F-42C6-4DF4-878F-57D77B35F655}.Release|x64.ActiveCfg = Release|Any CPU
		{F23CC81F-42C6-4DF4-878F-57D77B35F655}.Release|x86.ActiveCfg = Release|Any CPU
		{BA1C19F3-38ED-4B7F-88FA-2AF3FC738E3F}.Debug|Any CPU.ActiveCfg = Debug|Any CPU
		{BA1C19F3-38ED-4B7F-88FA-2AF3FC738E3F}.Debug|Any CPU.Build.0 = Debug|Any CPU
		{BA1C19F3-38ED-4B7F-88FA-2AF3FC738E3F}.Debug|Any CPU.Deploy.0 = Debug|Any CPU
		{BA1C19F3-38ED-4B7F-88FA-2AF3FC738E3F}.Debug|ARM.ActiveCfg = Debug|Any CPU
		{BA1C19F3-38ED-4B7F-88FA-2AF3FC738E3F}.Debug|x64.ActiveCfg = Debug|Any CPU
		{BA1C19F3-38ED-4B7F-88FA-2AF3FC738E3F}.Debug|x86.ActiveCfg = Debug|Any CPU
		{BA1C19F3-38ED-4B7F-88FA-2AF3FC738E3F}.Release|Any CPU.ActiveCfg = Release|Any CPU
		{BA1C19F3-38ED-4B7F-88FA-2AF3FC738E3F}.Release|Any CPU.Build.0 = Release|Any CPU
		{BA1C19F3-38ED-4B7F-88FA-2AF3FC738E3F}.Release|Any CPU.Deploy.0 = Release|Any CPU
		{BA1C19F3-38ED-4B7F-88FA-2AF3FC738E3F}.Release|ARM.ActiveCfg = Release|Any CPU
		{BA1C19F3-38ED-4B7F-88FA-2AF3FC738E3F}.Release|x64.ActiveCfg = Release|Any CPU
		{BA1C19F3-38ED-4B7F-88FA-2AF3FC738E3F}.Release|x86.ActiveCfg = Release|Any CPU
		{F3E83EBD-2961-459D-AF6E-7D99F89E2BFA}.Debug|Any CPU.ActiveCfg = Debug|Any CPU
		{F3E83EBD-2961-459D-AF6E-7D99F89E2BFA}.Debug|Any CPU.Build.0 = Debug|Any CPU
		{F3E83EBD-2961-459D-AF6E-7D99F89E2BFA}.Debug|Any CPU.Deploy.0 = Debug|Any CPU
		{F3E83EBD-2961-459D-AF6E-7D99F89E2BFA}.Debug|ARM.ActiveCfg = Debug|ARM
		{F3E83EBD-2961-459D-AF6E-7D99F89E2BFA}.Debug|ARM.Build.0 = Debug|ARM
		{F3E83EBD-2961-459D-AF6E-7D99F89E2BFA}.Debug|ARM.Deploy.0 = Debug|ARM
		{F3E83EBD-2961-459D-AF6E-7D99F89E2BFA}.Debug|x64.ActiveCfg = Debug|x64
		{F3E83EBD-2961-459D-AF6E-7D99F89E2BFA}.Debug|x64.Build.0 = Debug|x64
		{F3E83EBD-2961-459D-AF6E-7D99F89E2BFA}.Debug|x64.Deploy.0 = Debug|x64
		{F3E83EBD-2961-459D-AF6E-7D99F89E2BFA}.Debug|x86.ActiveCfg = Debug|x86
		{F3E83EBD-2961-459D-AF6E-7D99F89E2BFA}.Debug|x86.Build.0 = Debug|x86
		{F3E83EBD-2961-459D-AF6E-7D99F89E2BFA}.Debug|x86.Deploy.0 = Debug|x86
		{F3E83EBD-2961-459D-AF6E-7D99F89E2BFA}.Release|Any CPU.ActiveCfg = Release|Any CPU
		{F3E83EBD-2961-459D-AF6E-7D99F89E2BFA}.Release|Any CPU.Build.0 = Release|Any CPU
		{F3E83EBD-2961-459D-AF6E-7D99F89E2BFA}.Release|Any CPU.Deploy.0 = Release|Any CPU
		{F3E83EBD-2961-459D-AF6E-7D99F89E2BFA}.Release|ARM.ActiveCfg = Release|ARM
		{F3E83EBD-2961-459D-AF6E-7D99F89E2BFA}.Release|ARM.Build.0 = Release|ARM
		{F3E83EBD-2961-459D-AF6E-7D99F89E2BFA}.Release|ARM.Deploy.0 = Release|ARM
		{F3E83EBD-2961-459D-AF6E-7D99F89E2BFA}.Release|x64.ActiveCfg = Release|x64
		{F3E83EBD-2961-459D-AF6E-7D99F89E2BFA}.Release|x64.Build.0 = Release|x64
		{F3E83EBD-2961-459D-AF6E-7D99F89E2BFA}.Release|x64.Deploy.0 = Release|x64
		{F3E83EBD-2961-459D-AF6E-7D99F89E2BFA}.Release|x86.ActiveCfg = Release|x86
		{F3E83EBD-2961-459D-AF6E-7D99F89E2BFA}.Release|x86.Build.0 = Release|x86
		{F3E83EBD-2961-459D-AF6E-7D99F89E2BFA}.Release|x86.Deploy.0 = Release|x86
		{E553278B-B9CF-4B02-9A6C-654B1670FCF6}.Debug|Any CPU.ActiveCfg = Debug|Any CPU
		{E553278B-B9CF-4B02-9A6C-654B1670FCF6}.Debug|Any CPU.Build.0 = Debug|Any CPU
		{E553278B-B9CF-4B02-9A6C-654B1670FCF6}.Debug|Any CPU.Deploy.0 = Debug|Any CPU
		{E553278B-B9CF-4B02-9A6C-654B1670FCF6}.Debug|ARM.ActiveCfg = Debug|ARM
		{E553278B-B9CF-4B02-9A6C-654B1670FCF6}.Debug|ARM.Build.0 = Debug|ARM
		{E553278B-B9CF-4B02-9A6C-654B1670FCF6}.Debug|ARM.Deploy.0 = Debug|ARM
		{E553278B-B9CF-4B02-9A6C-654B1670FCF6}.Debug|x64.ActiveCfg = Debug|x64
		{E553278B-B9CF-4B02-9A6C-654B1670FCF6}.Debug|x64.Build.0 = Debug|x64
		{E553278B-B9CF-4B02-9A6C-654B1670FCF6}.Debug|x64.Deploy.0 = Debug|x64
		{E553278B-B9CF-4B02-9A6C-654B1670FCF6}.Debug|x86.ActiveCfg = Debug|x86
		{E553278B-B9CF-4B02-9A6C-654B1670FCF6}.Debug|x86.Build.0 = Debug|x86
		{E553278B-B9CF-4B02-9A6C-654B1670FCF6}.Debug|x86.Deploy.0 = Debug|x86
		{E553278B-B9CF-4B02-9A6C-654B1670FCF6}.Release|Any CPU.ActiveCfg = Release|Any CPU
		{E553278B-B9CF-4B02-9A6C-654B1670FCF6}.Release|Any CPU.Build.0 = Release|Any CPU
		{E553278B-B9CF-4B02-9A6C-654B1670FCF6}.Release|Any CPU.Deploy.0 = Release|Any CPU
		{E553278B-B9CF-4B02-9A6C-654B1670FCF6}.Release|ARM.ActiveCfg = Release|ARM
		{E553278B-B9CF-4B02-9A6C-654B1670FCF6}.Release|ARM.Build.0 = Release|ARM
		{E553278B-B9CF-4B02-9A6C-654B1670FCF6}.Release|ARM.Deploy.0 = Release|ARM
		{E553278B-B9CF-4B02-9A6C-654B1670FCF6}.Release|x64.ActiveCfg = Release|x64
		{E553278B-B9CF-4B02-9A6C-654B1670FCF6}.Release|x64.Build.0 = Release|x64
		{E553278B-B9CF-4B02-9A6C-654B1670FCF6}.Release|x64.Deploy.0 = Release|x64
		{E553278B-B9CF-4B02-9A6C-654B1670FCF6}.Release|x86.ActiveCfg = Release|x86
		{E553278B-B9CF-4B02-9A6C-654B1670FCF6}.Release|x86.Build.0 = Release|x86
		{E553278B-B9CF-4B02-9A6C-654B1670FCF6}.Release|x86.Deploy.0 = Release|x86
	EndGlobalSection
	GlobalSection(SolutionProperties) = preSolution
		HideSolutionNode = FALSE
	EndGlobalSection
EndGlobal
