
Microsoft Visual Studio Solution File, Format Version 11.00
# Visual Studio 2010
Project("{FAE04EC0-301F-11D3-BF4B-00C04F79EFBC}") = "ClarolineApp", "iCampusApp\ClarolineApp.csproj", "{BA1C19F3-38ED-4B7F-88FA-2AF3FC738E3F}"
EndProject
Global
	GlobalSection(SolutionConfigurationPlatforms) = preSolution
		Debug|Any CPU = Debug|Any CPU
		Release|Any CPU = Release|Any CPU
	EndGlobalSection
	GlobalSection(ProjectConfigurationPlatforms) = postSolution
		{BA1C19F3-38ED-4B7F-88FA-2AF3FC738E3F}.Debug|Any CPU.ActiveCfg = Debug|Any CPU
		{BA1C19F3-38ED-4B7F-88FA-2AF3FC738E3F}.Debug|Any CPU.Build.0 = Debug|Any CPU
		{BA1C19F3-38ED-4B7F-88FA-2AF3FC738E3F}.Debug|Any CPU.Deploy.0 = Debug|Any CPU
		{BA1C19F3-38ED-4B7F-88FA-2AF3FC738E3F}.Release|Any CPU.ActiveCfg = Release|Any CPU
		{BA1C19F3-38ED-4B7F-88FA-2AF3FC738E3F}.Release|Any CPU.Build.0 = Release|Any CPU
		{BA1C19F3-38ED-4B7F-88FA-2AF3FC738E3F}.Release|Any CPU.Deploy.0 = Release|Any CPU
	EndGlobalSection
	GlobalSection(SolutionProperties) = preSolution
		HideSolutionNode = FALSE
	EndGlobalSection
EndGlobal
